
Microsoft Visual Studio Solution File, Format Version 12.00
# Visual Studio Version 17
VisualStudioVersion = 17.9.34622.214
MinimumVisualStudioVersion = 10.0.40219.1
Project("{FAE04EC0-301F-11D3-BF4B-00C04F79EFBC}") = "BulkyWeb", "BulkyWeb\BulkyWeb.csproj", "{6895A16D-359A-4950-A605-1E39F9D63974}"
EndProject
Global
	GlobalSection(SolutionConfigurationPlatforms) = preSolution
		Debug|Any CPU = Debug|Any CPU
		Release|Any CPU = Release|Any CPU
	EndGlobalSection
	GlobalSection(ProjectConfigurationPlatforms) = postSolution
		{6895A16D-359A-4950-A605-1E39F9D63974}.Debug|Any CPU.ActiveCfg = Debug|Any CPU
		{6895A16D-359A-4950-A605-1E39F9D63974}.Debug|Any CPU.Build.0 = Debug|Any CPU
		{6895A16D-359A-4950-A605-1E39F9D63974}.Release|Any CPU.ActiveCfg = Release|Any CPU
		{6895A16D-359A-4950-A605-1E39F9D63974}.Release|Any CPU.Build.0 = Release|Any CPU
	EndGlobalSection
	GlobalSection(SolutionProperties) = preSolution
		HideSolutionNode = FALSE
	EndGlobalSection
	GlobalSection(ExtensibilityGlobals) = postSolution
		SolutionGuid = {F5ADD6F7-28C1-4D82-A055-913F0459D778}
	EndGlobalSection
EndGlobal
